// !$*UTF8*$!
{
	archiveVersion = 1;
	classes = {
	};
	objectVersion = 56;
	objects = {

/* Begin PBXBuildFile section */
		C14A68DA293D4C33007918D7 /* CursusView.swift in Sources */ = {isa = PBXBuildFile; fileRef = C14A68D9293D4C33007918D7 /* CursusView.swift */; };
		C14A68DC293D4C49007918D7 /* SkillView.swift in Sources */ = {isa = PBXBuildFile; fileRef = C14A68DB293D4C49007918D7 /* SkillView.swift */; };
		C1660F40293F6CAA00E5A107 /* RuntimeError.swift in Sources */ = {isa = PBXBuildFile; fileRef = C1660F3F293F6CAA00E5A107 /* RuntimeError.swift */; };
		C1BD6DD3293C624800011908 /* swifty-companion.xcdatamodeld in Sources */ = {isa = PBXBuildFile; fileRef = C1BD6DD1293C624800011908 /* swifty-companion.xcdatamodeld */; };
		C1BD6DD7293C6E5C00011908 /* CoreData.swift in Sources */ = {isa = PBXBuildFile; fileRef = C1BD6DD6293C6E5C00011908 /* CoreData.swift */; };
		C1BDB2FD293E762400D8C220 /* LogtimeView.swift in Sources */ = {isa = PBXBuildFile; fileRef = C1BDB2FC293E762400D8C220 /* LogtimeView.swift */; };
		C1BDB301293EB17300D8C220 /* Achievement.swift in Sources */ = {isa = PBXBuildFile; fileRef = C1BDB300293EB17300D8C220 /* Achievement.swift */; };
		C1BDB303293EB3DD00D8C220 /* AchievementView.swift in Sources */ = {isa = PBXBuildFile; fileRef = C1BDB302293EB3DD00D8C220 /* AchievementView.swift */; };
		C1C12863293B866C0010F796 /* SDWebImageSwiftUI in Frameworks */ = {isa = PBXBuildFile; productRef = C1C12862293B866C0010F796 /* SDWebImageSwiftUI */; };
		C1C12866293B87AB0010F796 /* SDWebImageSVGCoder in Frameworks */ = {isa = PBXBuildFile; productRef = C1C12865293B87AB0010F796 /* SDWebImageSVGCoder */; };
		C1D75998293762C400D96155 /* utils.swift in Sources */ = {isa = PBXBuildFile; fileRef = C1D75997293762C400D96155 /* utils.swift */; };
		C1D7599C2937666300D96155 /* ProfilView.swift in Sources */ = {isa = PBXBuildFile; fileRef = C1D7599B2937666300D96155 /* ProfilView.swift */; };
		C1D7599E2937685E00D96155 /* ContentView.swift in Sources */ = {isa = PBXBuildFile; fileRef = C1D7599D2937685E00D96155 /* ContentView.swift */; };
		C1D759A029377B8500D96155 /* Api.swift in Sources */ = {isa = PBXBuildFile; fileRef = C1D7599F29377B8500D96155 /* Api.swift */; };
		C1D759A22937A02800D96155 /* SearchView.swift in Sources */ = {isa = PBXBuildFile; fileRef = C1D759A12937A02800D96155 /* SearchView.swift */; };
		C1D759A42937F7AC00D96155 /* User.swift in Sources */ = {isa = PBXBuildFile; fileRef = C1D759A32937F7AC00D96155 /* User.swift */; };
		C1D759A62937F8F500D96155 /* Token.swift in Sources */ = {isa = PBXBuildFile; fileRef = C1D759A52937F8F500D96155 /* Token.swift */; };
		C1D986CC29354076002E1ACE /* swifty_companionApp.swift in Sources */ = {isa = PBXBuildFile; fileRef = C1D986CB29354076002E1ACE /* swifty_companionApp.swift */; };
		C1D986D029354076002E1ACE /* Assets.xcassets in Resources */ = {isa = PBXBuildFile; fileRef = C1D986CF29354076002E1ACE /* Assets.xcassets */; };
		C1D986D329354076002E1ACE /* Preview Assets.xcassets in Resources */ = {isa = PBXBuildFile; fileRef = C1D986D229354076002E1ACE /* Preview Assets.xcassets */; };
		C1DD6CC6293A43B000F63065 /* IntraView.swift in Sources */ = {isa = PBXBuildFile; fileRef = C1DD6CC5293A43B000F63065 /* IntraView.swift */; };
		C1DD6CC8293A714000F63065 /* ProjectView.swift in Sources */ = {isa = PBXBuildFile; fileRef = C1DD6CC7293A714000F63065 /* ProjectView.swift */; };
/* End PBXBuildFile section */

/* Begin PBXFileReference section */
		C14A68D9293D4C33007918D7 /* CursusView.swift */ = {isa = PBXFileReference; lastKnownFileType = sourcecode.swift; path = CursusView.swift; sourceTree = "<group>"; };
		C14A68DB293D4C49007918D7 /* SkillView.swift */ = {isa = PBXFileReference; lastKnownFileType = sourcecode.swift; path = SkillView.swift; sourceTree = "<group>"; };
		C1660F3F293F6CAA00E5A107 /* RuntimeError.swift */ = {isa = PBXFileReference; lastKnownFileType = sourcecode.swift; path = RuntimeError.swift; sourceTree = "<group>"; };
		C1BD6DD2293C624800011908 /* swifty-companion.xcdatamodel */ = {isa = PBXFileReference; lastKnownFileType = wrapper.xcdatamodel; path = "swifty-companion.xcdatamodel"; sourceTree = "<group>"; };
		C1BD6DD6293C6E5C00011908 /* CoreData.swift */ = {isa = PBXFileReference; lastKnownFileType = sourcecode.swift; path = CoreData.swift; sourceTree = "<group>"; };
		C1BDB2FC293E762400D8C220 /* LogtimeView.swift */ = {isa = PBXFileReference; lastKnownFileType = sourcecode.swift; path = LogtimeView.swift; sourceTree = "<group>"; };
		C1BDB300293EB17300D8C220 /* Achievement.swift */ = {isa = PBXFileReference; fileEncoding = 4; lastKnownFileType = sourcecode.swift; path = Achievement.swift; sourceTree = "<group>"; };
		C1BDB302293EB3DD00D8C220 /* AchievementView.swift */ = {isa = PBXFileReference; lastKnownFileType = sourcecode.swift; path = AchievementView.swift; sourceTree = "<group>"; };
		C1D75997293762C400D96155 /* utils.swift */ = {isa = PBXFileReference; lastKnownFileType = sourcecode.swift; path = utils.swift; sourceTree = "<group>"; };
		C1D7599B2937666300D96155 /* ProfilView.swift */ = {isa = PBXFileReference; lastKnownFileType = sourcecode.swift; path = ProfilView.swift; sourceTree = "<group>"; };
		C1D7599D2937685E00D96155 /* ContentView.swift */ = {isa = PBXFileReference; fileEncoding = 4; lastKnownFileType = sourcecode.swift; path = ContentView.swift; sourceTree = "<group>"; };
		C1D7599F29377B8500D96155 /* Api.swift */ = {isa = PBXFileReference; lastKnownFileType = sourcecode.swift; path = Api.swift; sourceTree = "<group>"; };
		C1D759A12937A02800D96155 /* SearchView.swift */ = {isa = PBXFileReference; lastKnownFileType = sourcecode.swift; path = SearchView.swift; sourceTree = "<group>"; };
		C1D759A32937F7AC00D96155 /* User.swift */ = {isa = PBXFileReference; lastKnownFileType = sourcecode.swift; path = User.swift; sourceTree = "<group>"; };
		C1D759A52937F8F500D96155 /* Token.swift */ = {isa = PBXFileReference; lastKnownFileType = sourcecode.swift; path = Token.swift; sourceTree = "<group>"; };
		C1D986C829354076002E1ACE /* swifty-companion.app */ = {isa = PBXFileReference; explicitFileType = wrapper.application; includeInIndex = 0; path = "swifty-companion.app"; sourceTree = BUILT_PRODUCTS_DIR; };
		C1D986CB29354076002E1ACE /* swifty_companionApp.swift */ = {isa = PBXFileReference; lastKnownFileType = sourcecode.swift; path = swifty_companionApp.swift; sourceTree = "<group>"; };
		C1D986CF29354076002E1ACE /* Assets.xcassets */ = {isa = PBXFileReference; lastKnownFileType = folder.assetcatalog; path = Assets.xcassets; sourceTree = "<group>"; };
		C1D986D229354076002E1ACE /* Preview Assets.xcassets */ = {isa = PBXFileReference; lastKnownFileType = folder.assetcatalog; path = "Preview Assets.xcassets"; sourceTree = "<group>"; };
		C1DD6CC5293A43B000F63065 /* IntraView.swift */ = {isa = PBXFileReference; lastKnownFileType = sourcecode.swift; path = IntraView.swift; sourceTree = "<group>"; };
		C1DD6CC7293A714000F63065 /* ProjectView.swift */ = {isa = PBXFileReference; lastKnownFileType = sourcecode.swift; path = ProjectView.swift; sourceTree = "<group>"; };
		C1E64AC2293580000061A73A /* Info.plist */ = {isa = PBXFileReference; lastKnownFileType = text.plist.xml; path = Info.plist; sourceTree = "<group>"; };
/* End PBXFileReference section */

/* Begin PBXFrameworksBuildPhase section */
		C1D986C529354076002E1ACE /* Frameworks */ = {
			isa = PBXFrameworksBuildPhase;
			buildActionMask = 2147483647;
			files = (
				C1C12863293B866C0010F796 /* SDWebImageSwiftUI in Frameworks */,
				C1C12866293B87AB0010F796 /* SDWebImageSVGCoder in Frameworks */,
			);
			runOnlyForDeploymentPostprocessing = 0;
		};
/* End PBXFrameworksBuildPhase section */

/* Begin PBXGroup section */
		C1660F3B293F576A00E5A107 /* View */ = {
			isa = PBXGroup;
			children = (
				C1D7599D2937685E00D96155 /* ContentView.swift */,
				C1D759A12937A02800D96155 /* SearchView.swift */,
				C1D7599B2937666300D96155 /* ProfilView.swift */,
				C1DD6CC5293A43B000F63065 /* IntraView.swift */,
				C1DD6CC7293A714000F63065 /* ProjectView.swift */,
				C14A68D9293D4C33007918D7 /* CursusView.swift */,
				C14A68DB293D4C49007918D7 /* SkillView.swift */,
				C1BDB2FC293E762400D8C220 /* LogtimeView.swift */,
				C1BDB302293EB3DD00D8C220 /* AchievementView.swift */,
			);
			path = View;
			sourceTree = "<group>";
		};
		C1660F3C293F57A900E5A107 /* CoreData */ = {
			isa = PBXGroup;
			children = (
				C1BD6DD1293C624800011908 /* swifty-companion.xcdatamodeld */,
				C1BD6DD6293C6E5C00011908 /* CoreData.swift */,
			);
			path = CoreData;
			sourceTree = "<group>";
		};
		C1660F3D293F57F300E5A107 /* Model */ = {
			isa = PBXGroup;
			children = (
				C1D759A32937F7AC00D96155 /* User.swift */,
				C1D759A52937F8F500D96155 /* Token.swift */,
				C1BDB300293EB17300D8C220 /* Achievement.swift */,
				C1660F3F293F6CAA00E5A107 /* RuntimeError.swift */,
			);
			path = Model;
			sourceTree = "<group>";
		};
		C1660F3E293F581000E5A107 /* Other */ = {
			isa = PBXGroup;
			children = (
				C1D7599F29377B8500D96155 /* Api.swift */,
				C1D75997293762C400D96155 /* utils.swift */,
			);
			path = Other;
			sourceTree = "<group>";
		};
		C1D986BF29354076002E1ACE = {
			isa = PBXGroup;
			children = (
				C1D986CA29354076002E1ACE /* swifty-companion */,
				C1D986C929354076002E1ACE /* Products */,
			);
			sourceTree = "<group>";
		};
		C1D986C929354076002E1ACE /* Products */ = {
			isa = PBXGroup;
			children = (
				C1D986C829354076002E1ACE /* swifty-companion.app */,
			);
			name = Products;
			sourceTree = "<group>";
		};
		C1D986CA29354076002E1ACE /* swifty-companion */ = {
			isa = PBXGroup;
			children = (
				C1E64AC2293580000061A73A /* Info.plist */,
				C1D986CF29354076002E1ACE /* Assets.xcassets */,
				C1D986CB29354076002E1ACE /* swifty_companionApp.swift */,
				C1D986D129354076002E1ACE /* Preview Content */,
				C1660F3C293F57A900E5A107 /* CoreData */,
				C1660F3B293F576A00E5A107 /* View */,
				C1660F3D293F57F300E5A107 /* Model */,
				C1660F3E293F581000E5A107 /* Other */,
			);
			path = "swifty-companion";
			sourceTree = "<group>";
		};
		C1D986D129354076002E1ACE /* Preview Content */ = {
			isa = PBXGroup;
			children = (
				C1D986D229354076002E1ACE /* Preview Assets.xcassets */,
			);
			path = "Preview Content";
			sourceTree = "<group>";
		};
/* End PBXGroup section */

/* Begin PBXNativeTarget section */
		C1D986C729354076002E1ACE /* swifty-companion */ = {
			isa = PBXNativeTarget;
			buildConfigurationList = C1D986D629354076002E1ACE /* Build configuration list for PBXNativeTarget "swifty-companion" */;
			buildPhases = (
				C1D986C429354076002E1ACE /* Sources */,
				C1D986C529354076002E1ACE /* Frameworks */,
				C1D986C629354076002E1ACE /* Resources */,
			);
			buildRules = (
			);
			dependencies = (
			);
			name = "swifty-companion";
			packageProductDependencies = (
				C1C12862293B866C0010F796 /* SDWebImageSwiftUI */,
				C1C12865293B87AB0010F796 /* SDWebImageSVGCoder */,
			);
			productName = "swifty-companion";
			productReference = C1D986C829354076002E1ACE /* swifty-companion.app */;
			productType = "com.apple.product-type.application";
		};
/* End PBXNativeTarget section */

/* Begin PBXProject section */
		C1D986C029354076002E1ACE /* Project object */ = {
			isa = PBXProject;
			attributes = {
				BuildIndependentTargetsInParallel = 1;
				LastSwiftUpdateCheck = 1410;
				LastUpgradeCheck = 1410;
				TargetAttributes = {
					C1D986C729354076002E1ACE = {
						CreatedOnToolsVersion = 14.1;
					};
				};
			};
			buildConfigurationList = C1D986C329354076002E1ACE /* Build configuration list for PBXProject "swifty-companion" */;
			compatibilityVersion = "Xcode 14.0";
			developmentRegion = en;
			hasScannedForEncodings = 0;
			knownRegions = (
				en,
				Base,
			);
			mainGroup = C1D986BF29354076002E1ACE;
			packageReferences = (
				C1C12861293B866C0010F796 /* XCRemoteSwiftPackageReference "SDWebImageSwiftUI" */,
				C1C12864293B87AB0010F796 /* XCRemoteSwiftPackageReference "SDWebImageSVGCoder" */,
			);
			productRefGroup = C1D986C929354076002E1ACE /* Products */;
			projectDirPath = "";
			projectRoot = "";
			targets = (
				C1D986C729354076002E1ACE /* swifty-companion */,
			);
		};
/* End PBXProject section */

/* Begin PBXResourcesBuildPhase section */
		C1D986C629354076002E1ACE /* Resources */ = {
			isa = PBXResourcesBuildPhase;
			buildActionMask = 2147483647;
			files = (
				C1D986D329354076002E1ACE /* Preview Assets.xcassets in Resources */,
				C1D986D029354076002E1ACE /* Assets.xcassets in Resources */,
			);
			runOnlyForDeploymentPostprocessing = 0;
		};
/* End PBXResourcesBuildPhase section */

/* Begin PBXSourcesBuildPhase section */
		C1D986C429354076002E1ACE /* Sources */ = {
			isa = PBXSourcesBuildPhase;
			buildActionMask = 2147483647;
			files = (
				C1BD6DD3293C624800011908 /* swifty-companion.xcdatamodeld in Sources */,
				C1BDB2FD293E762400D8C220 /* LogtimeView.swift in Sources */,
				C1BD6DD7293C6E5C00011908 /* CoreData.swift in Sources */,
				C1660F40293F6CAA00E5A107 /* RuntimeError.swift in Sources */,
				C1BDB303293EB3DD00D8C220 /* AchievementView.swift in Sources */,
				C1D75998293762C400D96155 /* utils.swift in Sources */,
				C1DD6CC8293A714000F63065 /* ProjectView.swift in Sources */,
				C1BDB301293EB17300D8C220 /* Achievement.swift in Sources */,
				C1D7599C2937666300D96155 /* ProfilView.swift in Sources */,
				C14A68DA293D4C33007918D7 /* CursusView.swift in Sources */,
				C14A68DC293D4C49007918D7 /* SkillView.swift in Sources */,
				C1DD6CC6293A43B000F63065 /* IntraView.swift in Sources */,
				C1D7599E2937685E00D96155 /* ContentView.swift in Sources */,
				C1D759A029377B8500D96155 /* Api.swift in Sources */,
				C1D759A22937A02800D96155 /* SearchView.swift in Sources */,
				C1D986CC29354076002E1ACE /* swifty_companionApp.swift in Sources */,
				C1D759A42937F7AC00D96155 /* User.swift in Sources */,
				C1D759A62937F8F500D96155 /* Token.swift in Sources */,
			);
			runOnlyForDeploymentPostprocessing = 0;
		};
/* End PBXSourcesBuildPhase section */

/* Begin XCBuildConfiguration section */
		C1D986D429354076002E1ACE /* Debug */ = {
			isa = XCBuildConfiguration;
			buildSettings = {
				ALWAYS_SEARCH_USER_PATHS = NO;
				ASSETCATALOG_WARNINGS = YES;
				CLANG_ANALYZER_NONNULL = YES;
				CLANG_ANALYZER_NUMBER_OBJECT_CONVERSION = YES_AGGRESSIVE;
				CLANG_CXX_LANGUAGE_STANDARD = "gnu++20";
				CLANG_ENABLE_MODULES = YES;
				CLANG_ENABLE_OBJC_ARC = YES;
				CLANG_ENABLE_OBJC_WEAK = YES;
				CLANG_WARN_BLOCK_CAPTURE_AUTORELEASING = YES;
				CLANG_WARN_BOOL_CONVERSION = YES;
				CLANG_WARN_COMMA = YES;
				CLANG_WARN_CONSTANT_CONVERSION = YES;
				CLANG_WARN_DEPRECATED_OBJC_IMPLEMENTATIONS = YES;
				CLANG_WARN_DIRECT_OBJC_ISA_USAGE = YES_ERROR;
				CLANG_WARN_DOCUMENTATION_COMMENTS = YES;
				CLANG_WARN_EMPTY_BODY = YES;
				CLANG_WARN_ENUM_CONVERSION = YES;
				CLANG_WARN_INFINITE_RECURSION = YES;
				CLANG_WARN_INT_CONVERSION = YES;
				CLANG_WARN_NON_LITERAL_NULL_CONVERSION = YES;
				CLANG_WARN_OBJC_IMPLICIT_RETAIN_SELF = YES;
				CLANG_WARN_OBJC_LITERAL_CONVERSION = YES;
				CLANG_WARN_OBJC_ROOT_CLASS = YES_ERROR;
				CLANG_WARN_QUOTED_INCLUDE_IN_FRAMEWORK_HEADER = YES;
				CLANG_WARN_RANGE_LOOP_ANALYSIS = YES;
				CLANG_WARN_STRICT_PROTOTYPES = YES;
				CLANG_WARN_SUSPICIOUS_MOVE = YES;
				CLANG_WARN_UNGUARDED_AVAILABILITY = YES_AGGRESSIVE;
				CLANG_WARN_UNREACHABLE_CODE = YES;
				CLANG_WARN__DUPLICATE_METHOD_MATCH = YES;
				COPY_PHASE_STRIP = NO;
				DEBUG_INFORMATION_FORMAT = dwarf;
				ENABLE_STRICT_OBJC_MSGSEND = YES;
				ENABLE_TESTABILITY = YES;
				GCC_C_LANGUAGE_STANDARD = gnu11;
				GCC_DYNAMIC_NO_PIC = NO;
				GCC_NO_COMMON_BLOCKS = YES;
				GCC_OPTIMIZATION_LEVEL = 0;
				GCC_PREPROCESSOR_DEFINITIONS = (
					"DEBUG=1",
					"$(inherited)",
				);
				GCC_WARN_64_TO_32_BIT_CONVERSION = YES;
				GCC_WARN_ABOUT_RETURN_TYPE = YES_ERROR;
				GCC_WARN_UNDECLARED_SELECTOR = YES;
				GCC_WARN_UNINITIALIZED_AUTOS = YES_AGGRESSIVE;
				GCC_WARN_UNUSED_FUNCTION = YES;
				GCC_WARN_UNUSED_VARIABLE = YES;
				IPHONEOS_DEPLOYMENT_TARGET = 16.1;
				MTL_ENABLE_DEBUG_INFO = INCLUDE_SOURCE;
				MTL_FAST_MATH = YES;
				ONLY_ACTIVE_ARCH = YES;
				SDKROOT = iphoneos;
				SWIFT_ACTIVE_COMPILATION_CONDITIONS = DEBUG;
				SWIFT_OPTIMIZATION_LEVEL = "-Onone";
			};
			name = Debug;
		};
		C1D986D529354076002E1ACE /* Release */ = {
			isa = XCBuildConfiguration;
			buildSettings = {
				ALWAYS_SEARCH_USER_PATHS = NO;
				ASSETCATALOG_WARNINGS = YES;
				CLANG_ANALYZER_NONNULL = YES;
				CLANG_ANALYZER_NUMBER_OBJECT_CONVERSION = YES_AGGRESSIVE;
				CLANG_CXX_LANGUAGE_STANDARD = "gnu++20";
				CLANG_ENABLE_MODULES = YES;
				CLANG_ENABLE_OBJC_ARC = YES;
				CLANG_ENABLE_OBJC_WEAK = YES;
				CLANG_WARN_BLOCK_CAPTURE_AUTORELEASING = YES;
				CLANG_WARN_BOOL_CONVERSION = YES;
				CLANG_WARN_COMMA = YES;
				CLANG_WARN_CONSTANT_CONVERSION = YES;
				CLANG_WARN_DEPRECATED_OBJC_IMPLEMENTATIONS = YES;
				CLANG_WARN_DIRECT_OBJC_ISA_USAGE = YES_ERROR;
				CLANG_WARN_DOCUMENTATION_COMMENTS = YES;
				CLANG_WARN_EMPTY_BODY = YES;
				CLANG_WARN_ENUM_CONVERSION = YES;
				CLANG_WARN_INFINITE_RECURSION = YES;
				CLANG_WARN_INT_CONVERSION = YES;
				CLANG_WARN_NON_LITERAL_NULL_CONVERSION = YES;
				CLANG_WARN_OBJC_IMPLICIT_RETAIN_SELF = YES;
				CLANG_WARN_OBJC_LITERAL_CONVERSION = YES;
				CLANG_WARN_OBJC_ROOT_CLASS = YES_ERROR;
				CLANG_WARN_QUOTED_INCLUDE_IN_FRAMEWORK_HEADER = YES;
				CLANG_WARN_RANGE_LOOP_ANALYSIS = YES;
				CLANG_WARN_STRICT_PROTOTYPES = YES;
				CLANG_WARN_SUSPICIOUS_MOVE = YES;
				CLANG_WARN_UNGUARDED_AVAILABILITY = YES_AGGRESSIVE;
				CLANG_WARN_UNREACHABLE_CODE = YES;
				CLANG_WARN__DUPLICATE_METHOD_MATCH = YES;
				COPY_PHASE_STRIP = NO;
				DEBUG_INFORMATION_FORMAT = "dwarf-with-dsym";
				ENABLE_NS_ASSERTIONS = NO;
				ENABLE_STRICT_OBJC_MSGSEND = YES;
				GCC_C_LANGUAGE_STANDARD = gnu11;
				GCC_NO_COMMON_BLOCKS = YES;
				GCC_WARN_64_TO_32_BIT_CONVERSION = YES;
				GCC_WARN_ABOUT_RETURN_TYPE = YES_ERROR;
				GCC_WARN_UNDECLARED_SELECTOR = YES;
				GCC_WARN_UNINITIALIZED_AUTOS = YES_AGGRESSIVE;
				GCC_WARN_UNUSED_FUNCTION = YES;
				GCC_WARN_UNUSED_VARIABLE = YES;
				IPHONEOS_DEPLOYMENT_TARGET = 16.1;
				MTL_ENABLE_DEBUG_INFO = NO;
				MTL_FAST_MATH = YES;
				SDKROOT = iphoneos;
				SWIFT_COMPILATION_MODE = wholemodule;
				SWIFT_OPTIMIZATION_LEVEL = "-O";
				VALIDATE_PRODUCT = YES;
			};
			name = Release;
		};
		C1D986D729354076002E1ACE /* Debug */ = {
			isa = XCBuildConfiguration;
			buildSettings = {
				ASSETCATALOG_COMPILER_APPICON_NAME = AppIcon;
				ASSETCATALOG_COMPILER_GLOBAL_ACCENT_COLOR_NAME = AccentColor;
				CODE_SIGN_STYLE = Automatic;
				CURRENT_PROJECT_VERSION = 1;
				DEVELOPMENT_ASSET_PATHS = "\"swifty-companion/Preview Content\"";
				DEVELOPMENT_TEAM = RK8498QT59;
				ENABLE_PREVIEWS = YES;
				GENERATE_INFOPLIST_FILE = YES;
				INFOPLIST_FILE = "swifty-companion/Info.plist";
				INFOPLIST_KEY_LSApplicationCategoryType = "public.app-category.social-networking";
				INFOPLIST_KEY_UIApplicationSceneManifest_Generation = YES;
				INFOPLIST_KEY_UIApplicationSupportsIndirectInputEvents = YES;
				INFOPLIST_KEY_UILaunchScreen_Generation = YES;
				INFOPLIST_KEY_UIStatusBarStyle = "";
				INFOPLIST_KEY_UISupportedInterfaceOrientations_iPad = "UIInterfaceOrientationPortrait UIInterfaceOrientationPortraitUpsideDown UIInterfaceOrientationLandscapeLeft UIInterfaceOrientationLandscapeRight";
				INFOPLIST_KEY_UISupportedInterfaceOrientations_iPhone = "UIInterfaceOrientationPortrait UIInterfaceOrientationLandscapeLeft UIInterfaceOrientationLandscapeRight";
				LD_RUNPATH_SEARCH_PATHS = (
					"$(inherited)",
					"@executable_path/Frameworks",
				);
				MARKETING_VERSION = 1.0;
				PRODUCT_BUNDLE_IDENTIFIER = "com.school42.swifty-companion";
				PRODUCT_NAME = "$(TARGET_NAME)";
				SUPPORTED_PLATFORMS = "iphoneos iphonesimulator";
				SUPPORTS_MACCATALYST = NO;
				SUPPORTS_MAC_DESIGNED_FOR_IPHONE_IPAD = NO;
				SWIFT_EMIT_LOC_STRINGS = YES;
				SWIFT_VERSION = 5.0;
				TARGETED_DEVICE_FAMILY = 1;
			};
			name = Debug;
		};
		C1D986D829354076002E1ACE /* Release */ = {
			isa = XCBuildConfiguration;
			buildSettings = {
				ASSETCATALOG_COMPILER_APPICON_NAME = AppIcon;
				ASSETCATALOG_COMPILER_GLOBAL_ACCENT_COLOR_NAME = AccentColor;
				CODE_SIGN_STYLE = Automatic;
				CURRENT_PROJECT_VERSION = 1;
				DEVELOPMENT_ASSET_PATHS = "\"swifty-companion/Preview Content\"";
				DEVELOPMENT_TEAM = RK8498QT59;
				ENABLE_PREVIEWS = YES;
				GENERATE_INFOPLIST_FILE = YES;
				INFOPLIST_FILE = "swifty-companion/Info.plist";
				INFOPLIST_KEY_LSApplicationCategoryType = "public.app-category.social-networking";
				INFOPLIST_KEY_UIApplicationSceneManifest_Generation = YES;
				INFOPLIST_KEY_UIApplicationSupportsIndirectInputEvents = YES;
				INFOPLIST_KEY_UILaunchScreen_Generation = YES;
				INFOPLIST_KEY_UIStatusBarStyle = "";
				INFOPLIST_KEY_UISupportedInterfaceOrientations_iPad = "UIInterfaceOrientationPortrait UIInterfaceOrientationPortraitUpsideDown UIInterfaceOrientationLandscapeLeft UIInterfaceOrientationLandscapeRight";
				INFOPLIST_KEY_UISupportedInterfaceOrientations_iPhone = "UIInterfaceOrientationPortrait UIInterfaceOrientationLandscapeLeft UIInterfaceOrientationLandscapeRight";
				LD_RUNPATH_SEARCH_PATHS = (
					"$(inherited)",
					"@executable_path/Frameworks",
				);
				MARKETING_VERSION = 1.0;
				PRODUCT_BUNDLE_IDENTIFIER = "com.school42.swifty-companion";
				PRODUCT_NAME = "$(TARGET_NAME)";
				SUPPORTED_PLATFORMS = "iphoneos iphonesimulator";
				SUPPORTS_MACCATALYST = NO;
				SUPPORTS_MAC_DESIGNED_FOR_IPHONE_IPAD = NO;
				SWIFT_EMIT_LOC_STRINGS = YES;
				SWIFT_VERSION = 5.0;
				TARGETED_DEVICE_FAMILY = 1;
			};
			name = Release;
		};
/* End XCBuildConfiguration section */

/* Begin XCConfigurationList section */
		C1D986C329354076002E1ACE /* Build configuration list for PBXProject "swifty-companion" */ = {
			isa = XCConfigurationList;
			buildConfigurations = (
				C1D986D429354076002E1ACE /* Debug */,
				C1D986D529354076002E1ACE /* Release */,
			);
			defaultConfigurationIsVisible = 0;
			defaultConfigurationName = Debug;
		};
		C1D986D629354076002E1ACE /* Build configuration list for PBXNativeTarget "swifty-companion" */ = {
			isa = XCConfigurationList;
			buildConfigurations = (
				C1D986D729354076002E1ACE /* Debug */,
				C1D986D829354076002E1ACE /* Release */,
			);
			defaultConfigurationIsVisible = 0;
			defaultConfigurationName = Debug;
		};
/* End XCConfigurationList section */

/* Begin XCRemoteSwiftPackageReference section */
		C1C12861293B866C0010F796 /* XCRemoteSwiftPackageReference "SDWebImageSwiftUI" */ = {
			isa = XCRemoteSwiftPackageReference;
			repositoryURL = "https://github.com/SDWebImage/SDWebImageSwiftUI";
			requirement = {
				kind = exactVersion;
				version = 2.2.1;
			};
		};
		C1C12864293B87AB0010F796 /* XCRemoteSwiftPackageReference "SDWebImageSVGCoder" */ = {
			isa = XCRemoteSwiftPackageReference;
			repositoryURL = "https://github.com/SDWebImage/SDWebImageSVGCoder";
			requirement = {
				kind = exactVersion;
				version = 1.6.1;
			};
		};
/* End XCRemoteSwiftPackageReference section */

/* Begin XCSwiftPackageProductDependency section */
		C1C12862293B866C0010F796 /* SDWebImageSwiftUI */ = {
			isa = XCSwiftPackageProductDependency;
			package = C1C12861293B866C0010F796 /* XCRemoteSwiftPackageReference "SDWebImageSwiftUI" */;
			productName = SDWebImageSwiftUI;
		};
		C1C12865293B87AB0010F796 /* SDWebImageSVGCoder */ = {
			isa = XCSwiftPackageProductDependency;
			package = C1C12864293B87AB0010F796 /* XCRemoteSwiftPackageReference "SDWebImageSVGCoder" */;
			productName = SDWebImageSVGCoder;
		};
/* End XCSwiftPackageProductDependency section */

/* Begin XCVersionGroup section */
		C1BD6DD1293C624800011908 /* swifty-companion.xcdatamodeld */ = {
			isa = XCVersionGroup;
			children = (
				C1BD6DD2293C624800011908 /* swifty-companion.xcdatamodel */,
			);
			currentVersion = C1BD6DD2293C624800011908 /* swifty-companion.xcdatamodel */;
			path = "swifty-companion.xcdatamodeld";
			sourceTree = "<group>";
			versionGroupType = wrapper.xcdatamodel;
		};
/* End XCVersionGroup section */
	};
	rootObject = C1D986C029354076002E1ACE /* Project object */;
}
